Microsoft Visual Studio Solution File, Format Version 12.00
# Visual Studio Version 18
VisualStudioVersion = 18.2.11415.280
MinimumVisualStudioVersion = 10.0.40219.1
Project("{FAE04EC0-301F-11D3-BF4B-00C04F79EFBC}") = "Ul8ziz.FittingApp.App", "src\App\Ul8ziz.FittingApp.App.csproj", "{A1B2C3D4-E5F6-4A5B-8C9D-0E1F2A3B4C5D}"
EndProject
Project("{2150E333-8FDC-42A3-9474-1A3956D46DE8}") = "src", "src", "{827E0CD3-B72D-47B6-A68D-7590B98EB39B}"
EndProject
Project("{2150E333-8FDC-42A3-9474-1A3956D46DE8}") = "Device", "Device", "{87262FBA-7650-C512-5722-8CD241DE6907}"
EndProject
Project("{FAE04EC0-301F-11D3-BF4B-00C04F79EFBC}") = "DeviceCommunication", "src\Device\DeviceCommunication\DeviceCommunication.csproj", "{7A056ACC-EE98-40C1-82A5-C6C3AC37F66E}"
EndProject
Project("{2150E333-8FDC-42A3-9474-1A3956D46DE8}") = "Tools", "Tools", "{B1C2D3E4-F5A6-4B7C-8D9E-0F1A2B3C4D5E}"
EndProject
Project("{FAE04EC0-301F-11D3-BF4B-00C04F79EFBC}") = "Ftd2xxTest", "src\Tools\Ftd2xxTest\Ftd2xxTest.csproj", "{8B2C3D4E-F5A6-47B8-C9D0-E1F2A3B4C5D6}"
EndProject
Project("{FAE04EC0-301F-11D3-BF4B-00C04F79EFBC}") = "HiproD2xxProbe", "src\Tools\HiproD2xxProbe\HiproD2xxProbe.csproj", "{9C3D4E5F-A6B7-58C9-D0E1-F2A3B4C5D6E7}"
EndProject
Global
	GlobalSection(SolutionConfigurationPlatforms) = preSolution
		Debug|Any CPU = Debug|Any CPU
		Debug|x64 = Debug|x64
		Debug|x86 = Debug|x86
		Release|Any CPU = Release|Any CPU
		Release|x64 = Release|x64
		Release|x86 = Release|x86
	EndGlobalSection
	GlobalSection(ProjectConfigurationPlatforms) = postSolution
		{A1B2C3D4-E5F6-4A5B-8C9D-0E1F2A3B4C5D}.Debug|Any CPU.ActiveCfg = Debug|Any CPU
		{A1B2C3D4-E5F6-4A5B-8C9D-0E1F2A3B4C5D}.Debug|Any CPU.Build.0 = Debug|Any CPU
		{A1B2C3D4-E5F6-4A5B-8C9D-0E1F2A3B4C5D}.Debug|x64.ActiveCfg = Debug|Any CPU
		{A1B2C3D4-E5F6-4A5B-8C9D-0E1F2A3B4C5D}.Debug|x64.Build.0 = Debug|Any CPU
		{A1B2C3D4-E5F6-4A5B-8C9D-0E1F2A3B4C5D}.Debug|x86.ActiveCfg = Debug|x86
		{A1B2C3D4-E5F6-4A5B-8C9D-0E1F2A3B4C5D}.Debug|x86.Build.0 = Debug|x86
		{A1B2C3D4-E5F6-4A5B-8C9D-0E1F2A3B4C5D}.Release|Any CPU.ActiveCfg = Release|Any CPU
		{A1B2C3D4-E5F6-4A5B-8C9D-0E1F2A3B4C5D}.Release|Any CPU.Build.0 = Release|Any CPU
		{A1B2C3D4-E5F6-4A5B-8C9D-0E1F2A3B4C5D}.Release|x64.ActiveCfg = Release|Any CPU
		{A1B2C3D4-E5F6-4A5B-8C9D-0E1F2A3B4C5D}.Release|x64.Build.0 = Release|Any CPU
		{A1B2C3D4-E5F6-4A5B-8C9D-0E1F2A3B4C5D}.Release|x86.ActiveCfg = Release|Any CPU
		{A1B2C3D4-E5F6-4A5B-8C9D-0E1F2A3B4C5D}.Release|x86.Build.0 = Release|Any CPU
		{7A056ACC-EE98-40C1-82A5-C6C3AC37F66E}.Debug|Any CPU.ActiveCfg = Debug|Any CPU
		{7A056ACC-EE98-40C1-82A5-C6C3AC37F66E}.Debug|Any CPU.Build.0 = Debug|Any CPU
		{7A056ACC-EE98-40C1-82A5-C6C3AC37F66E}.Debug|x64.ActiveCfg = Debug|Any CPU
		{7A056ACC-EE98-40C1-82A5-C6C3AC37F66E}.Debug|x64.Build.0 = Debug|Any CPU
		{7A056ACC-EE98-40C1-82A5-C6C3AC37F66E}.Debug|x86.ActiveCfg = Debug|x86
		{7A056ACC-EE98-40C1-82A5-C6C3AC37F66E}.Debug|x86.Build.0 = Debug|x86
		{7A056ACC-EE98-40C1-82A5-C6C3AC37F66E}.Release|Any CPU.ActiveCfg = Release|Any CPU
		{7A056ACC-EE98-40C1-82A5-C6C3AC37F66E}.Release|Any CPU.Build.0 = Release|Any CPU
		{7A056ACC-EE98-40C1-82A5-C6C3AC37F66E}.Release|x64.ActiveCfg = Release|Any CPU
		{7A056ACC-EE98-40C1-82A5-C6C3AC37F66E}.Release|x64.Build.0 = Release|Any CPU
		{7A056ACC-EE98-40C1-82A5-C6C3AC37F66E}.Release|x86.ActiveCfg = Release|Any CPU
		{7A056ACC-EE98-40C1-82A5-C6C3AC37F66E}.Release|x86.Build.0 = Release|Any CPU
		{8B2C3D4E-F5A6-47B8-C9D0-E1F2A3B4C5D6}.Debug|Any CPU.ActiveCfg = Debug|Any CPU
		{8B2C3D4E-F5A6-47B8-C9D0-E1F2A3B4C5D6}.Debug|Any CPU.Build.0 = Debug|Any CPU
		{8B2C3D4E-F5A6-47B8-C9D0-E1F2A3B4C5D6}.Debug|x64.ActiveCfg = Debug|Any CPU
		{8B2C3D4E-F5A6-47B8-C9D0-E1F2A3B4C5D6}.Debug|x64.Build.0 = Debug|Any CPU
		{8B2C3D4E-F5A6-47B8-C9D0-E1F2A3B4C5D6}.Debug|x86.ActiveCfg = Debug|x86
		{8B2C3D4E-F5A6-47B8-C9D0-E1F2A3B4C5D6}.Debug|x86.Build.0 = Debug|x86
		{8B2C3D4E-F5A6-47B8-C9D0-E1F2A3B4C5D6}.Release|Any CPU.ActiveCfg = Release|Any CPU
		{8B2C3D4E-F5A6-47B8-C9D0-E1F2A3B4C5D6}.Release|Any CPU.Build.0 = Release|Any CPU
		{8B2C3D4E-F5A6-47B8-C9D0-E1F2A3B4C5D6}.Release|x64.ActiveCfg = Release|Any CPU
		{8B2C3D4E-F5A6-47B8-C9D0-E1F2A3B4C5D6}.Release|x64.Build.0 = Release|Any CPU
		{8B2C3D4E-F5A6-47B8-C9D0-E1F2A3B4C5D6}.Release|x86.ActiveCfg = Release|Any CPU
		{8B2C3D4E-F5A6-47B8-C9D0-E1F2A3B4C5D6}.Release|x86.Build.0 = Release|Any CPU
		{9C3D4E5F-A6B7-58C9-D0E1-F2A3B4C5D6E7}.Debug|Any CPU.ActiveCfg = Debug|Any CPU
		{9C3D4E5F-A6B7-58C9-D0E1-F2A3B4C5D6E7}.Debug|Any CPU.Build.0 = Debug|Any CPU
		{9C3D4E5F-A6B7-58C9-D0E1-F2A3B4C5D6E7}.Debug|x64.ActiveCfg = Debug|Any CPU
		{9C3D4E5F-A6B7-58C9-D0E1-F2A3B4C5D6E7}.Debug|x64.Build.0 = Debug|Any CPU
		{9C3D4E5F-A6B7-58C9-D0E1-F2A3B4C5D6E7}.Debug|x86.ActiveCfg = Debug|x86
		{9C3D4E5F-A6B7-58C9-D0E1-F2A3B4C5D6E7}.Debug|x86.Build.0 = Debug|x86
		{9C3D4E5F-A6B7-58C9-D0E1-F2A3B4C5D6E7}.Release|Any CPU.ActiveCfg = Release|Any CPU
		{9C3D4E5F-A6B7-58C9-D0E1-F2A3B4C5D6E7}.Release|Any CPU.Build.0 = Release|Any CPU
		{9C3D4E5F-A6B7-58C9-D0E1-F2A3B4C5D6E7}.Release|x64.ActiveCfg = Release|Any CPU
		{9C3D4E5F-A6B7-58C9-D0E1-F2A3B4C5D6E7}.Release|x64.Build.0 = Release|Any CPU
		{9C3D4E5F-A6B7-58C9-D0E1-F2A3B4C5D6E7}.Release|x86.ActiveCfg = Release|Any CPU
		{9C3D4E5F-A6B7-58C9-D0E1-F2A3B4C5D6E7}.Release|x86.Build.0 = Release|Any CPU
	EndGlobalSection
	GlobalSection(SolutionProperties) = preSolution
		HideSolutionNode = FALSE
	EndGlobalSection
	GlobalSection(NestedProjects) = preSolution
		{87262FBA-7650-C512-5722-8CD241DE6907} = {827E0CD3-B72D-47B6-A68D-7590B98EB39B}
		{7A056ACC-EE98-40C1-82A5-C6C3AC37F66E} = {87262FBA-7650-C512-5722-8CD241DE6907}
		{B1C2D3E4-F5A6-4B7C-8D9E-0F1A2B3C4D5E} = {827E0CD3-B72D-47B6-A68D-7590B98EB39B}
		{8B2C3D4E-F5A6-47B8-C9D0-E1F2A3B4C5D6} = {B1C2D3E4-F5A6-4B7C-8D9E-0F1A2B3C4D5E}
		{9C3D4E5F-A6B7-58C9-D0E1-F2A3B4C5D6E7} = {B1C2D3E4-F5A6-4B7C-8D9E-0F1A2B3C4D5E}
	EndGlobalSection
	GlobalSection(ExtensibilityGlobals) = postSolution
		SolutionGuid = {3A70EE9B-4910-478F-9C36-A14C56F7FB3A}
	EndGlobalSection
EndGlobal
